// !$*UTF8*$!
{
	archiveVersion = 1;
	classes = {
	};
	objectVersion = 48;
	objects = {

/* Begin PBXBuildFile section */
		C14605D4200466CA00B19245 /* AppDelegate.m in Sources */ = {isa = PBXBuildFile; fileRef = C14605D3200466CA00B19245 /* AppDelegate.m */; };
		C14605D7200466CA00B19245 /* ViewController.m in Sources */ = {isa = PBXBuildFile; fileRef = C14605D6200466CA00B19245 /* ViewController.m */; };
		C14605DC200466CA00B19245 /* Assets.xcassets in Resources */ = {isa = PBXBuildFile; fileRef = C14605DB200466CA00B19245 /* Assets.xcassets */; };
		C14605E2200466CA00B19245 /* main.m in Sources */ = {isa = PBXBuildFile; fileRef = C14605E1200466CA00B19245 /* main.m */; };
		C14605EC20046B7400B19245 /* PDTabBarItem.m in Sources */ = {isa = PBXBuildFile; fileRef = C14605EB20046B7400B19245 /* PDTabBarItem.m */; };
		C14605EF20046B8600B19245 /* PDTabBar.m in Sources */ = {isa = PBXBuildFile; fileRef = C14605EE20046B8600B19245 /* PDTabBar.m */; };
		C14605F220046B9A00B19245 /* PDTabBarController.m in Sources */ = {isa = PBXBuildFile; fileRef = C14605F120046B9A00B19245 /* PDTabBarController.m */; };
		C17487BC2008BC08005CB308 /* main.storyboard in Resources */ = {isa = PBXBuildFile; fileRef = C17487BB2008BC08005CB308 /* main.storyboard */; };
		C1F47C242008A0470008FC03 /* LaunchScreen.storyboard in Resources */ = {isa = PBXBuildFile; fileRef = C1F47C232008A0470008FC03 /* LaunchScreen.storyboard */; };
/* End PBXBuildFile section */

/* Begin PBXCopyFilesBuildPhase section */
		C146060420047ADD00B19245 /* Embed Frameworks */ = {
			isa = PBXCopyFilesBuildPhase;
			buildActionMask = 2147483647;
			dstPath = "";
			dstSubfolderSpec = 10;
			files = (
			);
			name = "Embed Frameworks";
			runOnlyForDeploymentPostprocessing = 0;
		};
/* End PBXCopyFilesBuildPhase section */

/* Begin PBXFileReference section */
		C14605CF200466CA00B19245 /* PDTabBarControler.app */ = {isa = PBXFileReference; explicitFileType = wrapper.application; includeInIndex = 0; path = PDTabBarControler.app; sourceTree = BUILT_PRODUCTS_DIR; };
		C14605D2200466CA00B19245 /* AppDelegate.h */ = {isa = PBXFileReference; lastKnownFileType = sourcecode.c.h; path = AppDelegate.h; sourceTree = "<group>"; };
		C14605D3200466CA00B19245 /* AppDelegate.m */ = {isa = PBXFileReference; lastKnownFileType = sourcecode.c.objc; path = AppDelegate.m; sourceTree = "<group>"; };
		C14605D5200466CA00B19245 /* ViewController.h */ = {isa = PBXFileReference; lastKnownFileType = sourcecode.c.h; path = ViewController.h; sourceTree = "<group>"; };
		C14605D6200466CA00B19245 /* ViewController.m */ = {isa = PBXFileReference; lastKnownFileType = sourcecode.c.objc; path = ViewController.m; sourceTree = "<group>"; };
		C14605DB200466CA00B19245 /* Assets.xcassets */ = {isa = PBXFileReference; lastKnownFileType = folder.assetcatalog; path = Assets.xcassets; sourceTree = "<group>"; };
		C14605E0200466CA00B19245 /* Info.plist */ = {isa = PBXFileReference; lastKnownFileType = text.plist.xml; path = Info.plist; sourceTree = "<group>"; };
		C14605E1200466CA00B19245 /* main.m */ = {isa = PBXFileReference; lastKnownFileType = sourcecode.c.objc; path = main.m; sourceTree = "<group>"; };
		C14605EA20046B7400B19245 /* PDTabBarItem.h */ = {isa = PBXFileReference; lastKnownFileType = sourcecode.c.h; path = PDTabBarItem.h; sourceTree = "<group>"; };
		C14605EB20046B7400B19245 /* PDTabBarItem.m */ = {isa = PBXFileReference; lastKnownFileType = sourcecode.c.objc; path = PDTabBarItem.m; sourceTree = "<group>"; };
		C14605ED20046B8600B19245 /* PDTabBar.h */ = {isa = PBXFileReference; lastKnownFileType = sourcecode.c.h; path = PDTabBar.h; sourceTree = "<group>"; };
		C14605EE20046B8600B19245 /* PDTabBar.m */ = {isa = PBXFileReference; lastKnownFileType = sourcecode.c.objc; path = PDTabBar.m; sourceTree = "<group>"; };
		C14605F020046B9A00B19245 /* PDTabBarController.h */ = {isa = PBXFileReference; lastKnownFileType = sourcecode.c.h; path = PDTabBarController.h; sourceTree = "<group>"; };
		C14605F120046B9A00B19245 /* PDTabBarController.m */ = {isa = PBXFileReference; lastKnownFileType = sourcecode.c.objc; path = PDTabBarController.m; sourceTree = "<group>"; };
		C17487BB2008BC08005CB308 /* main.storyboard */ = {isa = PBXFileReference; lastKnownFileType = file.storyboard; path = main.storyboard; sourceTree = "<group>"; };
		C1F47C232008A0470008FC03 /* LaunchScreen.storyboard */ = {isa = PBXFileReference; lastKnownFileType = file.storyboard; path = LaunchScreen.storyboard; sourceTree = "<group>"; };
/* End PBXFileReference section */

/* Begin PBXFrameworksBuildPhase section */
		C14605CC200466CA00B19245 /* Frameworks */ = {
			isa = PBXFrameworksBuildPhase;
			buildActionMask = 2147483647;
			files = (
			);
			runOnlyForDeploymentPostprocessing = 0;
		};
/* End PBXFrameworksBuildPhase section */

/* Begin PBXGroup section */
		C14605C6200466CA00B19245 = {
			isa = PBXGroup;
			children = (
				C14605D1200466CA00B19245 /* PDTabBarControler */,
				C14605D0200466CA00B19245 /* Products */,
			);
			sourceTree = "<group>";
		};
		C14605D0200466CA00B19245 /* Products */ = {
			isa = PBXGroup;
			children = (
				C14605CF200466CA00B19245 /* PDTabBarControler.app */,
			);
			name = Products;
			sourceTree = "<group>";
		};
		C14605D1200466CA00B19245 /* PDTabBarControler */ = {
			isa = PBXGroup;
			children = (
				C14605E920046B4300B19245 /* demo */,
				C14605E820046AF200B19245 /* tabbarController */,
				C14605D2200466CA00B19245 /* AppDelegate.h */,
				C14605D3200466CA00B19245 /* AppDelegate.m */,
				C14605D5200466CA00B19245 /* ViewController.h */,
				C14605D6200466CA00B19245 /* ViewController.m */,
				C14605DB200466CA00B19245 /* Assets.xcassets */,
				C14605E0200466CA00B19245 /* Info.plist */,
				C14605E1200466CA00B19245 /* main.m */,
			);
			path = PDTabBarControler;
			sourceTree = "<group>";
		};
		C14605E820046AF200B19245 /* tabbarController */ = {
			isa = PBXGroup;
			children = (
				C14605EA20046B7400B19245 /* PDTabBarItem.h */,
				C14605EB20046B7400B19245 /* PDTabBarItem.m */,
				C14605ED20046B8600B19245 /* PDTabBar.h */,
				C14605EE20046B8600B19245 /* PDTabBar.m */,
				C14605F020046B9A00B19245 /* PDTabBarController.h */,
				C14605F120046B9A00B19245 /* PDTabBarController.m */,
			);
			path = tabbarController;
			sourceTree = "<group>";
		};
		C14605E920046B4300B19245 /* demo */ = {
			isa = PBXGroup;
			children = (
				C176729C20088C1F00B37F3F /* resource */,
				C1F47C232008A0470008FC03 /* LaunchScreen.storyboard */,
				C17487BB2008BC08005CB308 /* main.storyboard */,
			);
			path = demo;
			sourceTree = "<group>";
		};
		C176729C20088C1F00B37F3F /* resource */ = {
			isa = PBXGroup;
			children = (
			);
			path = resource;
			sourceTree = "<group>";
		};
/* End PBXGroup section */

/* Begin PBXNativeTarget section */
		C14605CE200466CA00B19245 /* PDTabBarControler */ = {
			isa = PBXNativeTarget;
			buildConfigurationList = C14605E5200466CA00B19245 /* Build configuration list for PBXNativeTarget "PDTabBarControler" */;
			buildPhases = (
				C14605CB200466CA00B19245 /* Sources */,
				C14605CC200466CA00B19245 /* Frameworks */,
				C14605CD200466CA00B19245 /* Resources */,
				C146060420047ADD00B19245 /* Embed Frameworks */,
			);
			buildRules = (
			);
			dependencies = (
			);
			name = PDTabBarControler;
			productName = PDTabBarControler;
			productReference = C14605CF200466CA00B19245 /* PDTabBarControler.app */;
			productType = "com.apple.product-type.application";
		};
/* End PBXNativeTarget section */

/* Begin PBXProject section */
		C14605C7200466CA00B19245 /* Project object */ = {
			isa = PBXProject;
			attributes = {
				LastUpgradeCheck = 0910;
				ORGANIZATIONNAME = pird;
				TargetAttributes = {
					C14605CE200466CA00B19245 = {
						CreatedOnToolsVersion = 9.1;
						ProvisioningStyle = Automatic;
					};
				};
			};
			buildConfigurationList = C14605CA200466CA00B19245 /* Build configuration list for PBXProject "PDTabBarControler" */;
			compatibilityVersion = "Xcode 8.0";
			developmentRegion = en;
			hasScannedForEncodings = 0;
			knownRegions = (
				en,
				Base,
			);
			mainGroup = C14605C6200466CA00B19245;
			productRefGroup = C14605D0200466CA00B19245 /* Products */;
			projectDirPath = "";
			projectRoot = "";
			targets = (
				C14605CE200466CA00B19245 /* PDTabBarControler */,
			);
		};
/* End PBXProject section */

/* Begin PBXResourcesBuildPhase section */
		C14605CD200466CA00B19245 /* Resources */ = {
			isa = PBXResourcesBuildPhase;
			buildActionMask = 2147483647;
			files = (
				C14605DC200466CA00B19245 /* Assets.xcassets in Resources */,
				C17487BC2008BC08005CB308 /* main.storyboard in Resources */,
				C1F47C242008A0470008FC03 /* LaunchScreen.storyboard in Resources */,
			);
			runOnlyForDeploymentPostprocessing = 0;
		};
/* End PBXResourcesBuildPhase section */

/* Begin PBXSourcesBuildPhase section */
		C14605CB200466CA00B19245 /* Sources */ = {
			isa = PBXSourcesBuildPhase;
			buildActionMask = 2147483647;
			files = (
				C14605EF20046B8600B19245 /* PDTabBar.m in Sources */,
				C14605EC20046B7400B19245 /* PDTabBarItem.m in Sources */,
				C14605D7200466CA00B19245 /* ViewController.m in Sources */,
				C14605F220046B9A00B19245 /* PDTabBarController.m in Sources */,
				C14605E2200466CA00B19245 /* main.m in Sources */,
				C14605D4200466CA00B19245 /* AppDelegate.m in Sources */,
			);
			runOnlyForDeploymentPostprocessing = 0;
		};
/* End PBXSourcesBuildPhase section */

/* Begin XCBuildConfiguration section */
		C14605E3200466CA00B19245 /* Debug */ = {
			isa = XCBuildConfiguration;
			buildSettings = {
				ALWAYS_SEARCH_USER_PATHS = NO;
				CLANG_ANALYZER_NONNULL = YES;
				CLANG_ANALYZER_NUMBER_OBJECT_CONVERSION = YES_AGGRESSIVE;
				CLANG_CXX_LANGUAGE_STANDARD = "gnu++14";
				CLANG_CXX_LIBRARY = "libc++";
				CLANG_ENABLE_MODULES = YES;
				CLANG_ENABLE_OBJC_ARC = YES;
				CLANG_WARN_BLOCK_CAPTURE_AUTORELEASING = YES;
				CLANG_WARN_BOOL_CONVERSION = YES;
				CLANG_WARN_COMMA = YES;
				CLANG_WARN_CONSTANT_CONVERSION = YES;
				CLANG_WARN_DIRECT_OBJC_ISA_USAGE = YES_ERROR;
				CLANG_WARN_DOCUMENTATION_COMMENTS = YES;
				CLANG_WARN_EMPTY_BODY = YES;
				CLANG_WARN_ENUM_CONVERSION = YES;
				CLANG_WARN_INFINITE_RECURSION = YES;
				CLANG_WARN_INT_CONVERSION = YES;
				CLANG_WARN_NON_LITERAL_NULL_CONVERSION = YES;
				CLANG_WARN_OBJC_LITERAL_CONVERSION = YES;
				CLANG_WARN_OBJC_ROOT_CLASS = YES_ERROR;
				CLANG_WARN_RANGE_LOOP_ANALYSIS = YES;
				CLANG_WARN_STRICT_PROTOTYPES = YES;
				CLANG_WARN_SUSPICIOUS_MOVE = YES;
				CLANG_WARN_UNGUARDED_AVAILABILITY = YES_AGGRESSIVE;
				CLANG_WARN_UNREACHABLE_CODE = YES;
				CLANG_WARN__DUPLICATE_METHOD_MATCH = YES;
				CODE_SIGN_IDENTITY = "iPhone Developer";
				COPY_PHASE_STRIP = NO;
				DEBUG_INFORMATION_FORMAT = dwarf;
				ENABLE_STRICT_OBJC_MSGSEND = YES;
				ENABLE_TESTABILITY = YES;
				GCC_C_LANGUAGE_STANDARD = gnu11;
				GCC_DYNAMIC_NO_PIC = NO;
				GCC_NO_COMMON_BLOCKS = YES;
				GCC_OPTIMIZATION_LEVEL = 0;
				GCC_PREPROCESSOR_DEFINITIONS = (
					"DEBUG=1",
					"$(inherited)",
				);
				GCC_WARN_64_TO_32_BIT_CONVERSION = YES;
				GCC_WARN_ABOUT_RETURN_TYPE = YES_ERROR;
				GCC_WARN_UNDECLARED_SELECTOR = YES;
				GCC_WARN_UNINITIALIZED_AUTOS = YES_AGGRESSIVE;
				GCC_WARN_UNUSED_FUNCTION = YES;
				GCC_WARN_UNUSED_VARIABLE = YES;
				IPHONEOS_DEPLOYMENT_TARGET = 11.1;
				MTL_ENABLE_DEBUG_INFO = YES;
				ONLY_ACTIVE_ARCH = YES;
				SDKROOT = iphoneos;
			};
			name = Debug;
		};
		C14605E4200466CA00B19245 /* Release */ = {
			isa = XCBuildConfiguration;
			buildSettings = {
				ALWAYS_SEARCH_USER_PATHS = NO;
				CLANG_ANALYZER_NONNULL = YES;
				CLANG_ANALYZER_NUMBER_OBJECT_CONVERSION = YES_AGGRESSIVE;
				CLANG_CXX_LANGUAGE_STANDARD = "gnu++14";
				CLANG_CXX_LIBRARY = "libc++";
				CLANG_ENABLE_MODULES = YES;
				CLANG_ENABLE_OBJC_ARC = YES;
				CLANG_WARN_BLOCK_CAPTURE_AUTORELEASING = YES;
				CLANG_WARN_BOOL_CONVERSION = YES;
				CLANG_WARN_COMMA = YES;
				CLANG_WARN_CONSTANT_CONVERSION = YES;
				CLANG_WARN_DIRECT_OBJC_ISA_USAGE = YES_ERROR;
				CLANG_WARN_DOCUMENTATION_COMMENTS = YES;
				CLANG_WARN_EMPTY_BODY = YES;
				CLANG_WARN_ENUM_CONVERSION = YES;
				CLANG_WARN_INFINITE_RECURSION = YES;
				CLANG_WARN_INT_CONVERSION = YES;
				CLANG_WARN_NON_LITERAL_NULL_CONVERSION = YES;
				CLANG_WARN_OBJC_LITERAL_CONVERSION = YES;
				CLANG_WARN_OBJC_ROOT_CLASS = YES_ERROR;
				CLANG_WARN_RANGE_LOOP_ANALYSIS = YES;
				CLANG_WARN_STRICT_PROTOTYPES = YES;
				CLANG_WARN_SUSPICIOUS_MOVE = YES;
				CLANG_WARN_UNGUARDED_AVAILABILITY = YES_AGGRESSIVE;
				CLANG_WARN_UNREACHABLE_CODE = YES;
				CLANG_WARN__DUPLICATE_METHOD_MATCH = YES;
				CODE_SIGN_IDENTITY = "iPhone Developer";
				COPY_PHASE_STRIP = NO;
				DEBUG_INFORMATION_FORMAT = "dwarf-with-dsym";
				ENABLE_NS_ASSERTIONS = NO;
				ENABLE_STRICT_OBJC_MSGSEND = YES;
				GCC_C_LANGUAGE_STANDARD = gnu11;
				GCC_NO_COMMON_BLOCKS = YES;
				GCC_WARN_64_TO_32_BIT_CONVERSION = YES;
				GCC_WARN_ABOUT_RETURN_TYPE = YES_ERROR;
				GCC_WARN_UNDECLARED_SELECTOR = YES;
				GCC_WARN_UNINITIALIZED_AUTOS = YES_AGGRESSIVE;
				GCC_WARN_UNUSED_FUNCTION = YES;
				GCC_WARN_UNUSED_VARIABLE = YES;
				IPHONEOS_DEPLOYMENT_TARGET = 11.1;
				MTL_ENABLE_DEBUG_INFO = NO;
				SDKROOT = iphoneos;
				VALIDATE_PRODUCT = YES;
			};
			name = Release;
		};
		C14605E6200466CA00B19245 /* Debug */ = {
			isa = XCBuildConfiguration;
			buildSettings = {
				ASSETCATALOG_COMPILER_APPICON_NAME = AppIcon;
				CODE_SIGN_STYLE = Automatic;
				DEVELOPMENT_TEAM = KQLFUP2CLM;
				INFOPLIST_FILE = PDTabBarControler/Info.plist;
				IPHONEOS_DEPLOYMENT_TARGET = 8.1;
				LD_RUNPATH_SEARCH_PATHS = "$(inherited) @executable_path/Frameworks";
				PRODUCT_BUNDLE_IDENTIFIER = a.pird.PDTabBarControler;
				PRODUCT_NAME = "$(TARGET_NAME)";
				TARGETED_DEVICE_FAMILY = "1,2";
			};
			name = Debug;
		};
		C14605E7200466CA00B19245 /* Release */ = {
			isa = XCBuildConfiguration;
			buildSettings = {
				ASSETCATALOG_COMPILER_APPICON_NAME = AppIcon;
				CODE_SIGN_STYLE = Automatic;
				DEVELOPMENT_TEAM = KQLFUP2CLM;
				INFOPLIST_FILE = PDTabBarControler/Info.plist;
				IPHONEOS_DEPLOYMENT_TARGET = 8.1;
				LD_RUNPATH_SEARCH_PATHS = "$(inherited) @executable_path/Frameworks";
				PRODUCT_BUNDLE_IDENTIFIER = a.pird.PDTabBarControler;
				PRODUCT_NAME = "$(TARGET_NAME)";
				TARGETED_DEVICE_FAMILY = "1,2";
			};
			name = Release;
		};
/* End XCBuildConfiguration section */

/* Begin XCConfigurationList section */
		C14605CA200466CA00B19245 /* Build configuration list for PBXProject "PDTabBarControler" */ = {
			isa = XCConfigurationList;
			buildConfigurations = (
				C14605E3200466CA00B19245 /* Debug */,
				C14605E4200466CA00B19245 /* Release */,
			);
			defaultConfigurationIsVisible = 0;
			defaultConfigurationName = Release;
		};
		C14605E5200466CA00B19245 /* Build configuration list for PBXNativeTarget "PDTabBarControler" */ = {
			isa = XCConfigurationList;
			buildConfigurations = (
				C14605E6200466CA00B19245 /* Debug */,
				C14605E7200466CA00B19245 /* Release */,
			);
			defaultConfigurationIsVisible = 0;
			defaultConfigurationName = Release;
		};
/* End XCConfigurationList section */
	};
	rootObject = C14605C7200466CA00B19245 /* Project object */;
}
